<?xml version="1.0" encoding="utf-8"?>
<Project ToolsVersion="4.0" xmlns="http://schemas.microsoft.com/developer/msbuild/2003">
  <ItemGroup>
    <ClCompile Include="src\ifcre\render\gl\glad.c" />
    <ClCompile Include="src\ifcre\ifc_render_engine.cpp" />
    <ClCompile Include="src\ifcre\render\gl_render.cpp" />
    <ClCompile Include="src\ifcre\render\render_window.cpp" />
    <ClCompile Include="src\ifcre\render\gl\glsl_program.cpp" />
    <ClCompile Include="src\ifcre\render\gl\gl_vertex_buffer.cpp" />
    <ClCompile Include="src\ifcre\render\gl\gl_render_texture.cpp" />
    <ClCompile Include="src\ifcre\ifcre_export.cpp" />
    <ClCompile Include="src\ifcre\ifcrender\vk\vulkan_context.cpp" />
    <ClCompile Include="src\ifcre\ifcrender\vk\vulkan_util.cpp" />
    <ClCompile Include="src\ifcre\ifcrender\vk\vulkan_buffer.cpp" />
    <ClCompile Include="src\ifcre\ifcrender\vk\vulkan_manager.cpp" />
    <ClCompile Include="src\ifcre\ifcrender\vk\vulkan_pass_base.cpp" />
    <ClCompile Include="src\ifcre\ifcrender\surface_io.cpp" />
    <ClCompile Include="src\ifcre\ifcrender\vk\ifc_vk_render.cpp" />
    <ClCompile Include="src\ifcre\ifcrender\render_ui.cpp" />
    <ClCompile Include="src\ifcre\ifcrender\gl\ifc_gl_render.cpp" />
    <ClCompile Include="src\ifcre\ifcrender\vk\pass\ifc_base_pass.cpp" />
    <ClCompile Include="src\ifcre\ifcrender\vk\pass\ifc_pick_pass.cpp" />
    <ClCompile Include="src\ifcre\mesh_simplier.cpp" />
    <ClCompile Include="src\ifcre\tri_tri_intersect.cpp" />
    <ClCompile Include="src\ifcre\collider.cpp" />
    <ClCompile Include="src\ifcre\stb_image.cpp" />
    <ClCompile Include="src\ifcre\imgui\imgui.cpp" />
    <ClCompile Include="src\ifcre\imgui\imgui_demo.cpp" />
    <ClCompile Include="src\ifcre\imgui\imgui_draw.cpp" />
    <ClCompile Include="src\ifcre\imgui\imgui_impl_glfw.cpp" />
    <ClCompile Include="src\ifcre\imgui\imgui_impl_opengl3.cpp" />
    <ClCompile Include="src\ifcre\imgui\imgui_tables.cpp" />
    <ClCompile Include="src\ifcre\imgui\imgui_widgets.cpp" />
  </ItemGroup>
  <ItemGroup>
    <ClInclude Include="src\ifcre\common\std_types.h" />
    <ClInclude Include="src\ifcre\resource\parser.h" />
    <ClInclude Include="src\ifcre\render\gl_render.h" />
    <ClInclude Include="src\ifcre\resource\plugin.h" />
    <ClInclude Include="src\ifcre\ifc_render_engine.h" />
    <ClInclude Include="src\ifcre\resource\model.h" />
    <ClInclude Include="src\ifcre\render\render_window.h" />
    <ClInclude Include="src\ifcre\resource\OBJ_Loader.h" />
    <ClInclude Include="src\ifcre\render\gl\shader_consts.h" />
    <ClInclude Include="src\ifcre\render\gl\glsl_program.h" />
    <ClInclude Include="src\ifcre\render\gl\gl_vertex_buffer.h" />
    <ClInclude Include="src\ifcre\render\gl\gl_enum.h" />
    <ClInclude Include="src\ifcre\common\ifc_util.h" />
    <ClInclude Include="src\ifcre\resource\ifc_geometry.h" />
    <ClInclude Include="src\ifcre\render\gl\gl_texture.h" />
    <ClInclude Include="src\ifcre\render\gl\gl_render_texture.h" />
    <ClInclude Include="src\ifcre\render\gl_camera.h" />
    <ClInclude Include="src\ifcre\common\ifc_enum.h" />
    <ClInclude Include="src\ifcre\ifcre_export.h" />
    <ClInclude Include="src\ifcre\ifcrender\vk\vulkan_context.h" />
    <ClInclude Include="src\ifcre\ifcrender\vk\vulkan_util.h" />
    <ClInclude Include="src\ifcre\ifcrender\vk\vulkan_buffer.h" />
    <ClInclude Include="src\ifcre\ifcrender\vk\vulkan_manager.h" />
    <ClInclude Include="src\ifcre\ifcrender\vk\vulkan_pass_base.h" />
    <ClInclude Include="src\ifcre\ifcrender\vk\vulkan_mesh.h" />
    <ClInclude Include="src\ifcre\ifcrender\ifc_render.h" />
    <ClInclude Include="src\ifcre\ifcrender\ifc_camera.h" />
    <ClInclude Include="src\ifcre\ifcrender\surface_io.h" />
    <ClInclude Include="src\ifcre\ifcrender\scene.h" />
    <ClInclude Include="src\ifcre\ifcrender\render_ui.h" />
    <ClInclude Include="src\ifcre\ifcrender\vk\pass\ifc_base_pass.h" />
    <ClInclude Include="src\ifcre\render\gl\gl_uniform_buffer.h" />
    <ClInclude Include="src\ifcre\ifcrender\uniform_obj.h" />
    <ClInclude Include="src\ifcre\ifcrender\vk\vulkan_resources.h" />
    <ClInclude Include="src\ifcre\ifcrender\vk\pass\ifc_pick_pass.h" />
    <ClInclude Include="src\ifcre\ifcrender\shader_consts.h" />
    <ClInclude Include="src\ifcre\mesh_simplier.h" />
    <ClInclude Include="src\ifcre\collider.h" />
    <ClInclude Include="src\ifcre\bmp.h" />
    <ClInclude Include="src\ifcre\Character.h" />
    <ClInclude Include="src\ifcre\stb_image.h" />
    <ClInclude Include="src\ifcre\Gizmo.h" />
    <ClInclude Include="src\ifcre\grid.h" />
    <ClInclude Include="src\ifcre\Axis.h" />
    <ClInclude Include="src\ifcre\SimpleUI.h" />
    <ClInclude Include="src\ifcre\imgui\imconfig.h" />
    <ClInclude Include="src\ifcre\imgui\imgui.h" />
    <ClInclude Include="src\ifcre\imgui\imgui_impl_glfw.h" />
    <ClInclude Include="src\ifcre\imgui\imgui_impl_opengl3.h" />
    <ClInclude Include="src\ifcre\imgui\imgui_impl_opengl3_loader.h" />
    <ClInclude Include="src\ifcre\imgui\imgui_internal.h" />
    <ClInclude Include="src\ifcre\imgui\imstb_rectpack.h" />
    <ClInclude Include="src\ifcre\imgui\imstb_textedit.h" />
    <ClInclude Include="src\ifcre\imgui\imstb_truetype.h" />
    <ClInclude Include="src\ifcre\Clips.h" />
  </ItemGroup>
  <ItemGroup>
    <None Include="..\workdir\shaders\normal_depth_write.frag">
      <Filter>shaders</Filter>
    </None>
    <None Include="..\workdir\shaders\normal_depth_write.vert">
      <Filter>shaders</Filter>
    </None>
    <None Include="..\workdir\shaders\image_effect.vert">
      <Filter>shaders</Filter>
    </None>
    <None Include="..\workdir\shaders\image_effect.frag">
      <Filter>shaders</Filter>
    </None>
    <None Include="..\workdir\shaders\axis.vert">
      <Filter>shaders</Filter>
    </None>
    <None Include="..\workdir\shaders\axis.frag">
      <Filter>shaders</Filter>
    </None>
    <None Include="..\workdir\shaders\comp_id_write.frag">
      <Filter>shaders</Filter>
    </None>
    <None Include="..\workdir\shaders\comp_id_write.vert">
      <Filter>shaders</Filter>
    </None>
    <None Include="..\workdir\shaders\bbx.frag">
      <Filter>shaders</Filter>
    </None>
    <None Include="..\workdir\shaders\bbx.vert">
      <Filter>shaders</Filter>
    </None>
    <None Include="..\workdir\shaders\edge.frag">
      <Filter>shaders</Filter>
    </None>
    <None Include="..\workdir\shaders\edge.vert">
      <Filter>shaders</Filter>
    </None>
    <None Include="..\workdir\shaders\clp_plane.frag" />
    <None Include="..\workdir\shaders\clp_plane.vert" />
    <None Include="..\workdir\shaders\test.frag" />
    <None Include="..\workdir\shaders\test.vert" />
    <None Include="..\workdir\shaders\chosen_test.frag" />
    <None Include="..\workdir\shaders\chosen_test.vert" />
    <None Include="..\workdir\shaders\collision.vert" />
    <None Include="..\workdir\shaders\collision.frag" />
    <None Include="..\workdir\shaders\text.frag" />
    <None Include="..\workdir\shaders\text.vert" />
    <None Include="..\workdir\shaders\gizmo.vert" />
    <None Include="..\workdir\shaders\gizmo_ui.frag" />
    <None Include="..\workdir\shaders\gizmo_ui.vert" />
    <None Include="..\workdir\shaders\gizmo.frag" />
    <None Include="..\workdir\shaders\clp_ui_plane.vert" />
    <None Include="..\workdir\shaders\clp_ui_plane.frag" />
    <None Include="..\workdir\shaders\skybox.vert" />
    <None Include="..\workdir\shaders\skybox.frag" />
    <None Include="..\workdir\shaders\grid.frag" />
    <None Include="..\workdir\shaders\grid.vert" />
    <None Include="..\workdir\shaders\text3d.vert" />
  </ItemGroup>
  <ItemGroup>
    <Filter Include="shaders">
      <UniqueIdentifier>{789911ef-e823-4d96-aeeb-0bfa026c9449}</UniqueIdentifier>
    </Filter>
  </ItemGroup>
</Project>