
Microsoft Visual Studio Solution File, Format Version 12.00
# Visual Studio Version 16
VisualStudioVersion = 16.0.32228.343
MinimumVisualStudioVersion = 10.0.40219.1
Project("{8BC9CEB8-8B4A-11D0-8D11-00A0C91BC942}") = "ifc-render-engine", "ifc-render-engine\ifc-render-engine.vcxproj", "{24B05298-819B-4237-B1D1-77E4FE105779}"
EndProject
Project("{8BC9CEB8-8B4A-11D0-8D11-00A0C91BC942}") = "ifcre-starter", "ifcre-starter\ifcre-starter.vcxproj", "{9221EF1B-DFB4-42E8-8B1D-64D68E92E364}"
EndProject
Project("{9A19103F-16F7-4668-BE54-9A1E7A4F7556}") = "Example", "..\GLWpfControl\src\Example\Example.csproj", "{F199DF40-DD36-42DA-AA17-9C2388B1A7AF}"
EndProject
Project("{9A19103F-16F7-4668-BE54-9A1E7A4F7556}") = "GLWpfControl", "..\GLWpfControl\src\GLWpfControl\GLWpfControl.csproj", "{4D870887-D614-42B8-96A5-3C83BC1E69F2}"
EndProject
Project("{9A19103F-16F7-4668-BE54-9A1E7A4F7556}") = "WPFHostingWin32Control", "..\..\WPF-Samples\Migration and Interoperability\WPFHostingWin32Control\WPFHostingWin32Control.csproj", "{73B41952-C297-4064-AAF9-99E564B13EAF}"
EndProject
Project("{9A19103F-16F7-4668-BE54-9A1E7A4F7556}") = "OpenTK.WinForms.TestForm", "..\GLControl\OpenTK.WinForms.TestForm\OpenTK.WinForms.TestForm.csproj", "{0FB45722-FF67-4854-BF54-7834E64625B4}"
EndProject
Project("{9A19103F-16F7-4668-BE54-9A1E7A4F7556}") = "OpenTK.WinForms", "..\GLControl\OpenTK.WinForms\OpenTK.WinForms.csproj", "{25D645ED-BB36-4090-9ADE-7FFA95E720FE}"
EndProject
Project("{9A19103F-16F7-4668-BE54-9A1E7A4F7556}") = "OpenTK.WinForms.InputTest", "..\GLControl\OpenTK.WinForms.InputTest\OpenTK.WinForms.InputTest.csproj", "{7167F1D8-8218-48CB-9A5A-3C7116CDB18A}"
EndProject
Global
	GlobalSection(SolutionConfigurationPlatforms) = preSolution
		Debug|Any CPU = Debug|Any CPU
		Debug|x64 = Debug|x64
		Debug|x86 = Debug|x86
		Release|Any CPU = Release|Any CPU
		Release|x64 = Release|x64
		Release|x86 = Release|x86
	EndGlobalSection
	GlobalSection(ProjectConfigurationPlatforms) = postSolution
		{24B05298-819B-4237-B1D1-77E4FE105779}.Debug|Any CPU.ActiveCfg = Debug|Win32
		{24B05298-819B-4237-B1D1-77E4FE105779}.Debug|x64.ActiveCfg = Debug|x64
		{24B05298-819B-4237-B1D1-77E4FE105779}.Debug|x64.Build.0 = Debug|x64
		{24B05298-819B-4237-B1D1-77E4FE105779}.Debug|x86.ActiveCfg = Debug|Win32
		{24B05298-819B-4237-B1D1-77E4FE105779}.Debug|x86.Build.0 = Debug|Win32
		{24B05298-819B-4237-B1D1-77E4FE105779}.Release|Any CPU.ActiveCfg = Release|Win32
		{24B05298-819B-4237-B1D1-77E4FE105779}.Release|x64.ActiveCfg = Release|x64
		{24B05298-819B-4237-B1D1-77E4FE105779}.Release|x64.Build.0 = Release|x64
		{24B05298-819B-4237-B1D1-77E4FE105779}.Release|x86.ActiveCfg = Release|Win32
		{24B05298-819B-4237-B1D1-77E4FE105779}.Release|x86.Build.0 = Release|Win32
		{9221EF1B-DFB4-42E8-8B1D-64D68E92E364}.Debug|Any CPU.ActiveCfg = Debug|Win32
		{9221EF1B-DFB4-42E8-8B1D-64D68E92E364}.Debug|x64.ActiveCfg = Debug|x64
		{9221EF1B-DFB4-42E8-8B1D-64D68E92E364}.Debug|x64.Build.0 = Debug|x64
		{9221EF1B-DFB4-42E8-8B1D-64D68E92E364}.Debug|x86.ActiveCfg = Debug|Win32
		{9221EF1B-DFB4-42E8-8B1D-64D68E92E364}.Debug|x86.Build.0 = Debug|Win32
		{9221EF1B-DFB4-42E8-8B1D-64D68E92E364}.Release|Any CPU.ActiveCfg = Release|Win32
		{9221EF1B-DFB4-42E8-8B1D-64D68E92E364}.Release|x64.ActiveCfg = Release|x64
		{9221EF1B-DFB4-42E8-8B1D-64D68E92E364}.Release|x64.Build.0 = Release|x64
		{9221EF1B-DFB4-42E8-8B1D-64D68E92E364}.Release|x86.ActiveCfg = Release|Win32
		{9221EF1B-DFB4-42E8-8B1D-64D68E92E364}.Release|x86.Build.0 = Release|Win32
		{F199DF40-DD36-42DA-AA17-9C2388B1A7AF}.Debug|Any CPU.ActiveCfg = Debug|Any CPU
		{F199DF40-DD36-42DA-AA17-9C2388B1A7AF}.Debug|Any CPU.Build.0 = Debug|Any CPU
		{F199DF40-DD36-42DA-AA17-9C2388B1A7AF}.Debug|x64.ActiveCfg = Debug|Any CPU
		{F199DF40-DD36-42DA-AA17-9C2388B1A7AF}.Debug|x64.Build.0 = Debug|Any CPU
		{F199DF40-DD36-42DA-AA17-9C2388B1A7AF}.Debug|x86.ActiveCfg = Debug|Any CPU
		{F199DF40-DD36-42DA-AA17-9C2388B1A7AF}.Debug|x86.Build.0 = Debug|Any CPU
		{F199DF40-DD36-42DA-AA17-9C2388B1A7AF}.Release|Any CPU.ActiveCfg = Release|Any CPU
		{F199DF40-DD36-42DA-AA17-9C2388B1A7AF}.Release|Any CPU.Build.0 = Release|Any CPU
		{F199DF40-DD36-42DA-AA17-9C2388B1A7AF}.Release|x64.ActiveCfg = Release|Any CPU
		{F199DF40-DD36-42DA-AA17-9C2388B1A7AF}.Release|x64.Build.0 = Release|Any CPU
		{F199DF40-DD36-42DA-AA17-9C2388B1A7AF}.Release|x86.ActiveCfg = Release|Any CPU
		{F199DF40-DD36-42DA-AA17-9C2388B1A7AF}.Release|x86.Build.0 = Release|Any CPU
		{4D870887-D614-42B8-96A5-3C83BC1E69F2}.Debug|Any CPU.ActiveCfg = Debug|Any CPU
		{4D870887-D614-42B8-96A5-3C83BC1E69F2}.Debug|Any CPU.Build.0 = Debug|Any CPU
		{4D870887-D614-42B8-96A5-3C83BC1E69F2}.Debug|x64.ActiveCfg = Debug|Any CPU
		{4D870887-D614-42B8-96A5-3C83BC1E69F2}.Debug|x64.Build.0 = Debug|Any CPU
		{4D870887-D614-42B8-96A5-3C83BC1E69F2}.Debug|x86.ActiveCfg = Debug|Any CPU
		{4D870887-D614-42B8-96A5-3C83BC1E69F2}.Debug|x86.Build.0 = Debug|Any CPU
		{4D870887-D614-42B8-96A5-3C83BC1E69F2}.Release|Any CPU.ActiveCfg = Release|Any CPU
		{4D870887-D614-42B8-96A5-3C83BC1E69F2}.Release|Any CPU.Build.0 = Release|Any CPU
		{4D870887-D614-42B8-96A5-3C83BC1E69F2}.Release|x64.ActiveCfg = Release|Any CPU
		{4D870887-D614-42B8-96A5-3C83BC1E69F2}.Release|x64.Build.0 = Release|Any CPU
		{4D870887-D614-42B8-96A5-3C83BC1E69F2}.Release|x86.ActiveCfg = Release|Any CPU
		{4D870887-D614-42B8-96A5-3C83BC1E69F2}.Release|x86.Build.0 = Release|Any CPU
		{73B41952-C297-4064-AAF9-99E564B13EAF}.Debug|Any CPU.ActiveCfg = Debug|Any CPU
		{73B41952-C297-4064-AAF9-99E564B13EAF}.Debug|Any CPU.Build.0 = Debug|Any CPU
		{73B41952-C297-4064-AAF9-99E564B13EAF}.Debug|x64.ActiveCfg = Debug|Any CPU
		{73B41952-C297-4064-AAF9-99E564B13EAF}.Debug|x64.Build.0 = Debug|Any CPU
		{73B41952-C297-4064-AAF9-99E564B13EAF}.Debug|x86.ActiveCfg = Debug|Any CPU
		{73B41952-C297-4064-AAF9-99E564B13EAF}.Debug|x86.Build.0 = Debug|Any CPU
		{73B41952-C297-4064-AAF9-99E564B13EAF}.Release|Any CPU.ActiveCfg = Release|Any CPU
		{73B41952-C297-4064-AAF9-99E564B13EAF}.Release|Any CPU.Build.0 = Release|Any CPU
		{73B41952-C297-4064-AAF9-99E564B13EAF}.Release|x64.ActiveCfg = Release|Any CPU
		{73B41952-C297-4064-AAF9-99E564B13EAF}.Release|x64.Build.0 = Release|Any CPU
		{73B41952-C297-4064-AAF9-99E564B13EAF}.Release|x86.ActiveCfg = Release|Any CPU
		{73B41952-C297-4064-AAF9-99E564B13EAF}.Release|x86.Build.0 = Release|Any CPU
		{0FB45722-FF67-4854-BF54-7834E64625B4}.Debug|Any CPU.ActiveCfg = Debug|Any CPU
		{0FB45722-FF67-4854-BF54-7834E64625B4}.Debug|Any CPU.Build.0 = Debug|Any CPU
		{0FB45722-FF67-4854-BF54-7834E64625B4}.Debug|x64.ActiveCfg = Debug|Any CPU
		{0FB45722-FF67-4854-BF54-7834E64625B4}.Debug|x64.Build.0 = Debug|Any CPU
		{0FB45722-FF67-4854-BF54-7834E64625B4}.Debug|x86.ActiveCfg = Debug|Any CPU
		{0FB45722-FF67-4854-BF54-7834E64625B4}.Debug|x86.Build.0 = Debug|Any CPU
		{0FB45722-FF67-4854-BF54-7834E64625B4}.Release|Any CPU.ActiveCfg = Release|Any CPU
		{0FB45722-FF67-4854-BF54-7834E64625B4}.Release|Any CPU.Build.0 = Release|Any CPU
		{0FB45722-FF67-4854-BF54-7834E64625B4}.Release|x64.ActiveCfg = Release|Any CPU
		{0FB45722-FF67-4854-BF54-7834E64625B4}.Release|x64.Build.0 = Release|Any CPU
		{0FB45722-FF67-4854-BF54-7834E64625B4}.Release|x86.ActiveCfg = Release|Any CPU
		{0FB45722-FF67-4854-BF54-7834E64625B4}.Release|x86.Build.0 = Release|Any CPU
		{25D645ED-BB36-4090-9ADE-7FFA95E720FE}.Debug|Any CPU.ActiveCfg = Debug|Any CPU
		{25D645ED-BB36-4090-9ADE-7FFA95E720FE}.Debug|Any CPU.Build.0 = Debug|Any CPU
		{25D645ED-BB36-4090-9ADE-7FFA95E720FE}.Debug|x64.ActiveCfg = Debug|Any CPU
		{25D645ED-BB36-4090-9ADE-7FFA95E720FE}.Debug|x64.Build.0 = Debug|Any CPU
		{25D645ED-BB36-4090-9ADE-7FFA95E720FE}.Debug|x86.ActiveCfg = Debug|Any CPU
		{25D645ED-BB36-4090-9ADE-7FFA95E720FE}.Debug|x86.Build.0 = Debug|Any CPU
		{25D645ED-BB36-4090-9ADE-7FFA95E720FE}.Release|Any CPU.ActiveCfg = Release|Any CPU
		{25D645ED-BB36-4090-9ADE-7FFA95E720FE}.Release|Any CPU.Build.0 = Release|Any CPU
		{25D645ED-BB36-4090-9ADE-7FFA95E720FE}.Release|x64.ActiveCfg = Release|Any CPU
		{25D645ED-BB36-4090-9ADE-7FFA95E720FE}.Release|x64.Build.0 = Release|Any CPU
		{25D645ED-BB36-4090-9ADE-7FFA95E720FE}.Release|x86.ActiveCfg = Release|Any CPU
		{25D645ED-BB36-4090-9ADE-7FFA95E720FE}.Release|x86.Build.0 = Release|Any CPU
		{7167F1D8-8218-48CB-9A5A-3C7116CDB18A}.Debug|Any CPU.ActiveCfg = Debug|Any CPU
		{7167F1D8-8218-48CB-9A5A-3C7116CDB18A}.Debug|Any CPU.Build.0 = Debug|Any CPU
		{7167F1D8-8218-48CB-9A5A-3C7116CDB18A}.Debug|x64.ActiveCfg = Debug|Any CPU
		{7167F1D8-8218-48CB-9A5A-3C7116CDB18A}.Debug|x64.Build.0 = Debug|Any CPU
		{7167F1D8-8218-48CB-9A5A-3C7116CDB18A}.Debug|x86.ActiveCfg = Debug|Any CPU
		{7167F1D8-8218-48CB-9A5A-3C7116CDB18A}.Debug|x86.Build.0 = Debug|Any CPU
		{7167F1D8-8218-48CB-9A5A-3C7116CDB18A}.Release|Any CPU.ActiveCfg = Release|Any CPU
		{7167F1D8-8218-48CB-9A5A-3C7116CDB18A}.Release|Any CPU.Build.0 = Release|Any CPU
		{7167F1D8-8218-48CB-9A5A-3C7116CDB18A}.Release|x64.ActiveCfg = Release|Any CPU
		{7167F1D8-8218-48CB-9A5A-3C7116CDB18A}.Release|x64.Build.0 = Release|Any CPU
		{7167F1D8-8218-48CB-9A5A-3C7116CDB18A}.Release|x86.ActiveCfg = Release|Any CPU
		{7167F1D8-8218-48CB-9A5A-3C7116CDB18A}.Release|x86.Build.0 = Release|Any CPU
	EndGlobalSection
	GlobalSection(SolutionProperties) = preSolution
		HideSolutionNode = FALSE
	EndGlobalSection
	GlobalSection(ExtensibilityGlobals) = postSolution
		SolutionGuid = {C4946E6A-9570-4299-AB6C-4A543E85CC45}
	EndGlobalSection
EndGlobal
