
Microsoft Visual Studio Solution File, Format Version 12.00
# Visual Studio Version 17
VisualStudioVersion = 17.0.31912.275
MinimumVisualStudioVersion = 10.0.40219.1
Project("{8BC9CEB8-8B4A-11D0-8D11-00A0C91BC942}") = "ifcre-starter", "ifcre-starter\ifcre-starter.vcxproj", "{9221EF1B-DFB4-42E8-8B1D-64D68E92E364}"
	ProjectSection(ProjectDependencies) = postProject
		{24B05298-819B-4237-B1D1-77E4FE105779} = {24B05298-819B-4237-B1D1-77E4FE105779}
	EndProjectSection
EndProject
Project("{9A19103F-16F7-4668-BE54-9A1E7A4F7556}") = "Example", "Example\Example.csproj", "{4E8CC17B-51AC-47A7-8934-7167D1C9C91A}"
	ProjectSection(ProjectDependencies) = postProject
		{24B05298-819B-4237-B1D1-77E4FE105779} = {24B05298-819B-4237-B1D1-77E4FE105779}
	EndProjectSection
EndProject
Project("{8BC9CEB8-8B4A-11D0-8D11-00A0C91BC942}") = "ifc-render-engine", "ifc-render-engine\ifc-render-engine.vcxproj", "{24B05298-819B-4237-B1D1-77E4FE105779}"
EndProject
Global
	GlobalSection(SolutionConfigurationPlatforms) = preSolution
		Debug|Any CPU = Debug|Any CPU
		Debug|x64 = Debug|x64
		Debug|x86 = Debug|x86
		Release|Any CPU = Release|Any CPU
		Release|x64 = Release|x64
		Release|x86 = Release|x86
	EndGlobalSection
	GlobalSection(ProjectConfigurationPlatforms) = postSolution
		{9221EF1B-DFB4-42E8-8B1D-64D68E92E364}.Debug|Any CPU.ActiveCfg = Debug|Win32
		{9221EF1B-DFB4-42E8-8B1D-64D68E92E364}.Debug|x64.ActiveCfg = Debug|x64
		{9221EF1B-DFB4-42E8-8B1D-64D68E92E364}.Debug|x64.Build.0 = Debug|x64
		{9221EF1B-DFB4-42E8-8B1D-64D68E92E364}.Debug|x86.ActiveCfg = Debug|Win32
		{9221EF1B-DFB4-42E8-8B1D-64D68E92E364}.Debug|x86.Build.0 = Debug|Win32
		{9221EF1B-DFB4-42E8-8B1D-64D68E92E364}.Release|Any CPU.ActiveCfg = Release|Win32
		{9221EF1B-DFB4-42E8-8B1D-64D68E92E364}.Release|x64.ActiveCfg = Release|x64
		{9221EF1B-DFB4-42E8-8B1D-64D68E92E364}.Release|x64.Build.0 = Release|x64
		{9221EF1B-DFB4-42E8-8B1D-64D68E92E364}.Release|x86.ActiveCfg = Release|Win32
		{9221EF1B-DFB4-42E8-8B1D-64D68E92E364}.Release|x86.Build.0 = Release|Win32
		{4E8CC17B-51AC-47A7-8934-7167D1C9C91A}.Debug|Any CPU.ActiveCfg = Debug|Any CPU
		{4E8CC17B-51AC-47A7-8934-7167D1C9C91A}.Debug|Any CPU.Build.0 = Debug|Any CPU
		{4E8CC17B-51AC-47A7-8934-7167D1C9C91A}.Debug|x64.ActiveCfg = Debug|Any CPU
		{4E8CC17B-51AC-47A7-8934-7167D1C9C91A}.Debug|x64.Build.0 = Debug|Any CPU
		{4E8CC17B-51AC-47A7-8934-7167D1C9C91A}.Debug|x86.ActiveCfg = Debug|Any CPU
		{4E8CC17B-51AC-47A7-8934-7167D1C9C91A}.Debug|x86.Build.0 = Debug|Any CPU
		{4E8CC17B-51AC-47A7-8934-7167D1C9C91A}.Release|Any CPU.ActiveCfg = Release|Any CPU
		{4E8CC17B-51AC-47A7-8934-7167D1C9C91A}.Release|Any CPU.Build.0 = Release|Any CPU
		{4E8CC17B-51AC-47A7-8934-7167D1C9C91A}.Release|x64.ActiveCfg = Release|Any CPU
		{4E8CC17B-51AC-47A7-8934-7167D1C9C91A}.Release|x64.Build.0 = Release|Any CPU
		{4E8CC17B-51AC-47A7-8934-7167D1C9C91A}.Release|x86.ActiveCfg = Release|Any CPU
		{4E8CC17B-51AC-47A7-8934-7167D1C9C91A}.Release|x86.Build.0 = Release|Any CPU
		{24B05298-819B-4237-B1D1-77E4FE105779}.Debug|Any CPU.ActiveCfg = Debug|Win32
		{24B05298-819B-4237-B1D1-77E4FE105779}.Debug|x64.ActiveCfg = Debug|x64
		{24B05298-819B-4237-B1D1-77E4FE105779}.Debug|x64.Build.0 = Debug|x64
		{24B05298-819B-4237-B1D1-77E4FE105779}.Debug|x86.ActiveCfg = Debug|Win32
		{24B05298-819B-4237-B1D1-77E4FE105779}.Debug|x86.Build.0 = Debug|Win32
		{24B05298-819B-4237-B1D1-77E4FE105779}.Release|Any CPU.ActiveCfg = Release|Win32
		{24B05298-819B-4237-B1D1-77E4FE105779}.Release|x64.ActiveCfg = Release|x64
		{24B05298-819B-4237-B1D1-77E4FE105779}.Release|x64.Build.0 = Release|x64
		{24B05298-819B-4237-B1D1-77E4FE105779}.Release|x86.ActiveCfg = Release|Win32
		{24B05298-819B-4237-B1D1-77E4FE105779}.Release|x86.Build.0 = Release|Win32
	EndGlobalSection
	GlobalSection(SolutionProperties) = preSolution
		HideSolutionNode = FALSE
	EndGlobalSection
	GlobalSection(ExtensibilityGlobals) = postSolution
		SolutionGuid = {C4946E6A-9570-4299-AB6C-4A543E85CC45}
	EndGlobalSection
EndGlobal
